
Microsoft Visual Studio Solution File, Format Version 12.00
# Visual Studio Version 17
VisualStudioVersion = 17.3.32819.101
MinimumVisualStudioVersion = 10.0.40219.1
Project("{888888A0-9F3D-457C-B088-3A5042F75D52}") = "Kap 5 uppgift 4.2", "Kap 5 uppgift 4.2\Kap 5 uppgift 4.2.pyproj", "{583835AD-FE2F-45BF-98B5-544E8199A501}"
EndProject
Global
	GlobalSection(SolutionConfigurationPlatforms) = preSolution
		Debug|Any CPU = Debug|Any CPU
		Release|Any CPU = Release|Any CPU
	EndGlobalSection
	GlobalSection(ProjectConfigurationPlatforms) = postSolution
		{583835AD-FE2F-45BF-98B5-544E8199A501}.Debug|Any CPU.ActiveCfg = Debug|Any CPU
		{583835AD-FE2F-45BF-98B5-544E8199A501}.Release|Any CPU.ActiveCfg = Release|Any CPU
	EndGlobalSection
	GlobalSection(SolutionProperties) = preSolution
		HideSolutionNode = FALSE
	EndGlobalSection
	GlobalSection(ExtensibilityGlobals) = postSolution
		SolutionGuid = {0B182947-6742-430C-8C5D-3280B4F6838E}
	EndGlobalSection
EndGlobal
